
Microsoft Visual Studio Solution File, Format Version 12.00
# Visual Studio Version 17
VisualStudioVersion = 17.4.33213.308
MinimumVisualStudioVersion = 10.0.40219.1
Project("{FAE04EC0-301F-11D3-BF4B-00C04F79EFBC}") = "2A", "A2\2A.csproj", "{890B3A78-C73F-477C-80C3-686D560B5531}"
EndProject
Global
	GlobalSection(SolutionConfigurationPlatforms) = preSolution
		Debug|Any CPU = Debug|Any CPU
		Release|Any CPU = Release|Any CPU
	EndGlobalSection
	GlobalSection(ProjectConfigurationPlatforms) = postSolution
		{890B3A78-C73F-477C-80C3-686D560B5531}.Debug|Any CPU.ActiveCfg = Debug|Any CPU
		{890B3A78-C73F-477C-80C3-686D560B5531}.Debug|Any CPU.Build.0 = Debug|Any CPU
		{890B3A78-C73F-477C-80C3-686D560B5531}.Release|Any CPU.ActiveCfg = Release|Any CPU
		{890B3A78-C73F-477C-80C3-686D560B5531}.Release|Any CPU.Build.0 = Release|Any CPU
	EndGlobalSection
	GlobalSection(SolutionProperties) = preSolution
		HideSolutionNode = FALSE
	EndGlobalSection
	GlobalSection(ExtensibilityGlobals) = postSolution
		SolutionGuid = {60CB1990-FE03-4AA2-B020-07E4F8C7B499}
	EndGlobalSection
EndGlobal
